
Microsoft Visual Studio Solution File, Format Version 12.00
# Visual Studio Version 16
VisualStudioVersion = 16.0.30114.105
MinimumVisualStudioVersion = 10.0.40219.1
Project("{2150E333-8FDC-42A3-9474-1A3956D46DE8}") = "src", "src", "{78D56637-F921-437D-A9AC-FBEAD78344BE}"
EndProject
Project("{2150E333-8FDC-42A3-9474-1A3956D46DE8}") = "tests", "tests", "{FF6F43E8-36EA-4BF0-9B2E-8ACC91C5F939}"
EndProject
Project("{FAE04EC0-301F-11D3-BF4B-00C04F79EFBC}") = "NetEscapades.EnumGenerators.IntegrationTests", "tests\NetEscapades.EnumGenerators.IntegrationTests\NetEscapades.EnumGenerators.IntegrationTests.csproj", "{443BC4C1-CF11-45E3-B772-72F886826C69}"
EndProject
Project("{FAE04EC0-301F-11D3-BF4B-00C04F79EFBC}") = "NetEscapades.EnumGenerators.Nuget.IntegrationTests", "tests\NetEscapades.EnumGenerators.Nuget.IntegrationTests\NetEscapades.EnumGenerators.Nuget.IntegrationTests.csproj", "{F03831B0-630E-4B0E-BD25-AFE975B35E69}"
EndProject
Project("{FAE04EC0-301F-11D3-BF4B-00C04F79EFBC}") = "NetEscapades.EnumGenerators.Tests", "tests\NetEscapades.EnumGenerators.Tests\NetEscapades.EnumGenerators.Tests.csproj", "{328EFEB4-1D15-453E-9929-6FD0FACF3512}"
EndProject
Project("{FAE04EC0-301F-11D3-BF4B-00C04F79EFBC}") = "_build", "build\_build.csproj", "{C4F84B6F-D2AE-4B3D-9CAD-90E6BC71F524}"
EndProject
Project("{FAE04EC0-301F-11D3-BF4B-00C04F79EFBC}") = "NetEscapades.EnumGenerators.Benchmarks", "tests\NetEscapades.EnumGenerators.Benchmarks\NetEscapades.EnumGenerators.Benchmarks.csproj", "{C7CFC4AC-BC5B-4F07-BE93-4F245D5547D9}"
EndProject
Project("{2150E333-8FDC-42A3-9474-1A3956D46DE8}") = "samples", "samples", "{AC0DDDB0-385D-43B8-A770-C79EE2077D05}"
EndProject
Project("{FAE04EC0-301F-11D3-BF4B-00C04F79EFBC}") = "ToStringFastExample", "samples\ToStringFastExample\ToStringFastExample.csproj", "{BDF8C04B-D0E3-4FF5-82C3-E8FDF3916C16}"
EndProject
Project("{FAE04EC0-301F-11D3-BF4B-00C04F79EFBC}") = "NetEscapades.EnumGenerators.NetStandard", "tests\NetEscapades.EnumGenerators.NetStandard\NetEscapades.EnumGenerators.NetStandard.csproj", "{40B2D8D1-7523-498D-9753-CECC3A44071A}"
EndProject
Project("{FAE04EC0-301F-11D3-BF4B-00C04F79EFBC}") = "NetEscapades.EnumGenerators.NetStandard.IntegrationTests", "tests\NetEscapades.EnumGenerators.NetStandard.IntegrationTests\NetEscapades.EnumGenerators.NetStandard.IntegrationTests.csproj", "{7A0F5EA5-DB7B-49E0-827D-946C80175322}"
EndProject
Project("{FAE04EC0-301F-11D3-BF4B-00C04F79EFBC}") = "NetEscapades.EnumGenerators.Nuget.Interceptors.IntegrationTests", "tests\NetEscapades.EnumGenerators.Nuget.Interceptors.IntegrationTests\NetEscapades.EnumGenerators.Nuget.Interceptors.IntegrationTests.csproj", "{1A1B48ED-DDE7-4017-A86B-5F7D2FB3A3D0}"
EndProject
Project("{FAE04EC0-301F-11D3-BF4B-00C04F79EFBC}") = "NetEscapades.EnumGenerators.Interceptors.IntegrationTests", "tests\NetEscapades.EnumGenerators.Interceptors.IntegrationTests\NetEscapades.EnumGenerators.Interceptors.IntegrationTests.csproj", "{E390E06A-27EE-49B3-9113-37812B92060A}"
EndProject
Project("{FAE04EC0-301F-11D3-BF4B-00C04F79EFBC}") = "NetEscapades.EnumGenerators.NetStandard.Interceptors.IntegrationTests", "tests\NetEscapades.EnumGenerators.NetStandard.Interceptors.IntegrationTests\NetEscapades.EnumGenerators.NetStandard.Interceptors.IntegrationTests.csproj", "{B7C9B52C-94C5-4729-9C5E-F49B3A112130}"
EndProject
Project("{FAE04EC0-301F-11D3-BF4B-00C04F79EFBC}") = "NetEscapades.EnumGenerators.Attributes", "src\NetEscapades.EnumGenerators.Attributes\NetEscapades.EnumGenerators.Attributes.csproj", "{EA85D7C6-8691-47B9-92D1-DCDA98E16D02}"
EndProject
Project("{FAE04EC0-301F-11D3-BF4B-00C04F79EFBC}") = "NetEscapades.EnumGenerators.Nuget.NetStandard", "tests\NetEscapades.EnumGenerators.Nuget.NetStandard\NetEscapades.EnumGenerators.Nuget.NetStandard.csproj", "{0011A3F4-BBFC-40CE-B8A3-A23FDAC60DE7}"
EndProject
Project("{FAE04EC0-301F-11D3-BF4B-00C04F79EFBC}") = "NetEscapades.EnumGenerators.Nuget.NetStandard.Interceptors.IntegrationTests", "tests\NetEscapades.EnumGenerators.Nuget.NetStandard.Interceptors.IntegrationTests\NetEscapades.EnumGenerators.Nuget.NetStandard.Interceptors.IntegrationTests.csproj", "{99AC1B59-04D1-4B19-957B-D7DE4D19A7CD}"
EndProject
Project("{FAE04EC0-301F-11D3-BF4B-00C04F79EFBC}") = "NetEscapades.EnumGenerators.Interceptors", "src\NetEscapades.EnumGenerators.Interceptors\NetEscapades.EnumGenerators.Interceptors.csproj", "{C26CDBC7-5CC3-4F55-8910-095D77DF7FD4}"
EndProject
Project("{FAE04EC0-301F-11D3-BF4B-00C04F79EFBC}") = "NetEscapades.EnumGenerators", "src\NetEscapades.EnumGenerators\NetEscapades.EnumGenerators.csproj", "{55000E98-4A4E-4AD5-BC11-A4F1F38726DC}"
EndProject
Project("{FAE04EC0-301F-11D3-BF4B-00C04F79EFBC}") = "NetEscapades.EnumGenerators.Interceptors.Attributes", "src\NetEscapades.EnumGenerators.Interceptors.Attributes\NetEscapades.EnumGenerators.Interceptors.Attributes.csproj", "{69A5F485-3DC8-48AF-9732-503E4926C92B}"
EndProject
Project("{FAE04EC0-301F-11D3-BF4B-00C04F79EFBC}") = "NetEscapades.EnumGenerators.NetStandard.SystemMemory", "tests\NetEscapades.EnumGenerators.NetStandard.SystemMemory\NetEscapades.EnumGenerators.NetStandard.SystemMemory.csproj", "{C36E45AD-0322-445D-8661-D7760E9B0BDD}"
EndProject
Project("{FAE04EC0-301F-11D3-BF4B-00C04F79EFBC}") = "NetEscapades.EnumGenerators.NetStandard.SystemMemory.IntegrationTests", "tests\NetEscapades.EnumGenerators.NetStandard.SystemMemory.IntegrationTests\NetEscapades.EnumGenerators.NetStandard.SystemMemory.IntegrationTests.csproj", "{9F8D5098-AC2F-4F84-BAA8-000F38B732D3}"
EndProject
Project("{FAE04EC0-301F-11D3-BF4B-00C04F79EFBC}") = "NetEscapades.EnumGenerators.Nuget.NetStandard.SystemMemory.IntegrationTests", "tests\NetEscapades.EnumGenerators.Nuget.NetStandard.SystemMemory.IntegrationTests\NetEscapades.EnumGenerators.Nuget.NetStandard.SystemMemory.IntegrationTests.csproj", "{76BAAC07-DDD4-4EDB-92AF-B7E71FC3BADC}"
EndProject
Project("{FAE04EC0-301F-11D3-BF4B-00C04F79EFBC}") = "NetEscapades.EnumGenerators.Nuget.NetStandard.SystemMemory", "tests\NetEscapades.EnumGenerators.Nuget.NetStandard.SystemMemory\NetEscapades.EnumGenerators.Nuget.NetStandard.SystemMemory.csproj", "{2B0C8B55-5985-45FD-86D2-4AF98D619CB3}"
EndProject
Project("{FAE04EC0-301F-11D3-BF4B-00C04F79EFBC}") = "Dependencies.SystemMemory", "tests\Dependencies.SystemMemory\Dependencies.SystemMemory.csproj", "{353AC6E3-0A79-4505-81C1-680B4634B0EB}"
EndProject
Project("{FAE04EC0-301F-11D3-BF4B-00C04F79EFBC}") = "NetEscapades.EnumGenerators.Nuget.AnalyzerTests", "tests\NetEscapades.EnumGenerators.Nuget.AnalyzerTests\NetEscapades.EnumGenerators.Nuget.AnalyzerTests.csproj", "{0B636065-CA9D-4C07-90BF-6E5B63CB423C}"
EndProject
Project("{FAE04EC0-301F-11D3-BF4B-00C04F79EFBC}") = "NetEscapades.EnumGenerators.Nuget.NetStandard.SystemMemory.PrivateAssets", "tests\NetEscapades.EnumGenerators.Nuget.NetStandard.SystemMemory.PrivateAssets\NetEscapades.EnumGenerators.Nuget.NetStandard.SystemMemory.PrivateAssets.csproj", "{5B6D1D24-C61B-48F5-8CC4-CB82200B3A04}"
EndProject
Project("{FAE04EC0-301F-11D3-BF4B-00C04F79EFBC}") = "NetEscapades.EnumGenerators.Nuget.NetStandard.SystemMemory.PrivateAssets.IntegrationTests", "tests\NetEscapades.EnumGenerators.Nuget.NetStandard.SystemMemory.PrivateAssets.IntegrationTests\NetEscapades.EnumGenerators.Nuget.NetStandard.SystemMemory.PrivateAssets.IntegrationTests.csproj", "{5CC64417-25CC-47C0-87FB-C5B5C05EFD4E}"
EndProject
Global
	GlobalSection(SolutionConfigurationPlatforms) = preSolution
		Debug|Any CPU = Debug|Any CPU
		Debug|x64 = Debug|x64
		Debug|x86 = Debug|x86
		Release|Any CPU = Release|Any CPU
		Release|x64 = Release|x64
		Release|x86 = Release|x86
	EndGlobalSection
	GlobalSection(ProjectConfigurationPlatforms) = postSolution
		{443BC4C1-CF11-45E3-B772-72F886826C69}.Debug|Any CPU.ActiveCfg = Debug|Any CPU
		{443BC4C1-CF11-45E3-B772-72F886826C69}.Debug|Any CPU.Build.0 = Debug|Any CPU
		{443BC4C1-CF11-45E3-B772-72F886826C69}.Debug|x64.ActiveCfg = Debug|Any CPU
		{443BC4C1-CF11-45E3-B772-72F886826C69}.Debug|x64.Build.0 = Debug|Any CPU
		{443BC4C1-CF11-45E3-B772-72F886826C69}.Debug|x86.ActiveCfg = Debug|Any CPU
		{443BC4C1-CF11-45E3-B772-72F886826C69}.Debug|x86.Build.0 = Debug|Any CPU
		{443BC4C1-CF11-45E3-B772-72F886826C69}.Release|Any CPU.ActiveCfg = Release|Any CPU
		{443BC4C1-CF11-45E3-B772-72F886826C69}.Release|Any CPU.Build.0 = Release|Any CPU
		{443BC4C1-CF11-45E3-B772-72F886826C69}.Release|x64.ActiveCfg = Release|Any CPU
		{443BC4C1-CF11-45E3-B772-72F886826C69}.Release|x64.Build.0 = Release|Any CPU
		{443BC4C1-CF11-45E3-B772-72F886826C69}.Release|x86.ActiveCfg = Release|Any CPU
		{443BC4C1-CF11-45E3-B772-72F886826C69}.Release|x86.Build.0 = Release|Any CPU
		{F03831B0-630E-4B0E-BD25-AFE975B35E69}.Debug|Any CPU.ActiveCfg = Debug|Any CPU
		{F03831B0-630E-4B0E-BD25-AFE975B35E69}.Debug|x64.ActiveCfg = Debug|Any CPU
		{F03831B0-630E-4B0E-BD25-AFE975B35E69}.Debug|x86.ActiveCfg = Debug|Any CPU
		{F03831B0-630E-4B0E-BD25-AFE975B35E69}.Release|Any CPU.ActiveCfg = Release|Any CPU
		{F03831B0-630E-4B0E-BD25-AFE975B35E69}.Release|x64.ActiveCfg = Release|Any CPU
		{F03831B0-630E-4B0E-BD25-AFE975B35E69}.Release|x86.ActiveCfg = Release|Any CPU
		{328EFEB4-1D15-453E-9929-6FD0FACF3512}.Debug|Any CPU.ActiveCfg = Debug|Any CPU
		{328EFEB4-1D15-453E-9929-6FD0FACF3512}.Debug|Any CPU.Build.0 = Debug|Any CPU
		{328EFEB4-1D15-453E-9929-6FD0FACF3512}.Debug|x64.ActiveCfg = Debug|Any CPU
		{328EFEB4-1D15-453E-9929-6FD0FACF3512}.Debug|x64.Build.0 = Debug|Any CPU
		{328EFEB4-1D15-453E-9929-6FD0FACF3512}.Debug|x86.ActiveCfg = Debug|Any CPU
		{328EFEB4-1D15-453E-9929-6FD0FACF3512}.Debug|x86.Build.0 = Debug|Any CPU
		{328EFEB4-1D15-453E-9929-6FD0FACF3512}.Release|Any CPU.ActiveCfg = Release|Any CPU
		{328EFEB4-1D15-453E-9929-6FD0FACF3512}.Release|Any CPU.Build.0 = Release|Any CPU
		{328EFEB4-1D15-453E-9929-6FD0FACF3512}.Release|x64.ActiveCfg = Release|Any CPU
		{328EFEB4-1D15-453E-9929-6FD0FACF3512}.Release|x64.Build.0 = Release|Any CPU
		{328EFEB4-1D15-453E-9929-6FD0FACF3512}.Release|x86.ActiveCfg = Release|Any CPU
		{328EFEB4-1D15-453E-9929-6FD0FACF3512}.Release|x86.Build.0 = Release|Any CPU
		{C4F84B6F-D2AE-4B3D-9CAD-90E6BC71F524}.Debug|Any CPU.ActiveCfg = Debug|Any CPU
		{C4F84B6F-D2AE-4B3D-9CAD-90E6BC71F524}.Debug|x64.ActiveCfg = Debug|Any CPU
		{C4F84B6F-D2AE-4B3D-9CAD-90E6BC71F524}.Debug|x64.Build.0 = Debug|Any CPU
		{C4F84B6F-D2AE-4B3D-9CAD-90E6BC71F524}.Debug|x86.ActiveCfg = Debug|Any CPU
		{C4F84B6F-D2AE-4B3D-9CAD-90E6BC71F524}.Debug|x86.Build.0 = Debug|Any CPU
		{C4F84B6F-D2AE-4B3D-9CAD-90E6BC71F524}.Release|Any CPU.ActiveCfg = Release|Any CPU
		{C4F84B6F-D2AE-4B3D-9CAD-90E6BC71F524}.Release|x64.ActiveCfg = Release|Any CPU
		{C4F84B6F-D2AE-4B3D-9CAD-90E6BC71F524}.Release|x64.Build.0 = Release|Any CPU
		{C4F84B6F-D2AE-4B3D-9CAD-90E6BC71F524}.Release|x86.ActiveCfg = Release|Any CPU
		{C4F84B6F-D2AE-4B3D-9CAD-90E6BC71F524}.Release|x86.Build.0 = Release|Any CPU
		{C7CFC4AC-BC5B-4F07-BE93-4F245D5547D9}.Debug|Any CPU.ActiveCfg = Debug|Any CPU
		{C7CFC4AC-BC5B-4F07-BE93-4F245D5547D9}.Debug|Any CPU.Build.0 = Debug|Any CPU
		{C7CFC4AC-BC5B-4F07-BE93-4F245D5547D9}.Debug|x64.ActiveCfg = Debug|Any CPU
		{C7CFC4AC-BC5B-4F07-BE93-4F245D5547D9}.Debug|x64.Build.0 = Debug|Any CPU
		{C7CFC4AC-BC5B-4F07-BE93-4F245D5547D9}.Debug|x86.ActiveCfg = Debug|Any CPU
		{C7CFC4AC-BC5B-4F07-BE93-4F245D5547D9}.Debug|x86.Build.0 = Debug|Any CPU
		{C7CFC4AC-BC5B-4F07-BE93-4F245D5547D9}.Release|Any CPU.ActiveCfg = Release|Any CPU
		{C7CFC4AC-BC5B-4F07-BE93-4F245D5547D9}.Release|Any CPU.Build.0 = Release|Any CPU
		{C7CFC4AC-BC5B-4F07-BE93-4F245D5547D9}.Release|x64.ActiveCfg = Release|Any CPU
		{C7CFC4AC-BC5B-4F07-BE93-4F245D5547D9}.Release|x64.Build.0 = Release|Any CPU
		{C7CFC4AC-BC5B-4F07-BE93-4F245D5547D9}.Release|x86.ActiveCfg = Release|Any CPU
		{C7CFC4AC-BC5B-4F07-BE93-4F245D5547D9}.Release|x86.Build.0 = Release|Any CPU
		{BDF8C04B-D0E3-4FF5-82C3-E8FDF3916C16}.Debug|Any CPU.ActiveCfg = Debug|Any CPU
		{BDF8C04B-D0E3-4FF5-82C3-E8FDF3916C16}.Debug|Any CPU.Build.0 = Debug|Any CPU
		{BDF8C04B-D0E3-4FF5-82C3-E8FDF3916C16}.Debug|x64.ActiveCfg = Debug|Any CPU
		{BDF8C04B-D0E3-4FF5-82C3-E8FDF3916C16}.Debug|x64.Build.0 = Debug|Any CPU
		{BDF8C04B-D0E3-4FF5-82C3-E8FDF3916C16}.Debug|x86.ActiveCfg = Debug|Any CPU
		{BDF8C04B-D0E3-4FF5-82C3-E8FDF3916C16}.Debug|x86.Build.0 = Debug|Any CPU
		{BDF8C04B-D0E3-4FF5-82C3-E8FDF3916C16}.Release|Any CPU.ActiveCfg = Release|Any CPU
		{BDF8C04B-D0E3-4FF5-82C3-E8FDF3916C16}.Release|Any CPU.Build.0 = Release|Any CPU
		{BDF8C04B-D0E3-4FF5-82C3-E8FDF3916C16}.Release|x64.ActiveCfg = Release|Any CPU
		{BDF8C04B-D0E3-4FF5-82C3-E8FDF3916C16}.Release|x64.Build.0 = Release|Any CPU
		{BDF8C04B-D0E3-4FF5-82C3-E8FDF3916C16}.Release|x86.ActiveCfg = Release|Any CPU
		{BDF8C04B-D0E3-4FF5-82C3-E8FDF3916C16}.Release|x86.Build.0 = Release|Any CPU
		{40B2D8D1-7523-498D-9753-CECC3A44071A}.Debug|Any CPU.ActiveCfg = Debug|Any CPU
		{40B2D8D1-7523-498D-9753-CECC3A44071A}.Debug|Any CPU.Build.0 = Debug|Any CPU
		{40B2D8D1-7523-498D-9753-CECC3A44071A}.Debug|x64.ActiveCfg = Debug|Any CPU
		{40B2D8D1-7523-498D-9753-CECC3A44071A}.Debug|x64.Build.0 = Debug|Any CPU
		{40B2D8D1-7523-498D-9753-CECC3A44071A}.Debug|x86.ActiveCfg = Debug|Any CPU
		{40B2D8D1-7523-498D-9753-CECC3A44071A}.Debug|x86.Build.0 = Debug|Any CPU
		{40B2D8D1-7523-498D-9753-CECC3A44071A}.Release|Any CPU.ActiveCfg = Release|Any CPU
		{40B2D8D1-7523-498D-9753-CECC3A44071A}.Release|Any CPU.Build.0 = Release|Any CPU
		{40B2D8D1-7523-498D-9753-CECC3A44071A}.Release|x64.ActiveCfg = Release|Any CPU
		{40B2D8D1-7523-498D-9753-CECC3A44071A}.Release|x64.Build.0 = Release|Any CPU
		{40B2D8D1-7523-498D-9753-CECC3A44071A}.Release|x86.ActiveCfg = Release|Any CPU
		{40B2D8D1-7523-498D-9753-CECC3A44071A}.Release|x86.Build.0 = Release|Any CPU
		{7A0F5EA5-DB7B-49E0-827D-946C80175322}.Debug|Any CPU.ActiveCfg = Debug|Any CPU
		{7A0F5EA5-DB7B-49E0-827D-946C80175322}.Debug|Any CPU.Build.0 = Debug|Any CPU
		{7A0F5EA5-DB7B-49E0-827D-946C80175322}.Debug|x64.ActiveCfg = Debug|Any CPU
		{7A0F5EA5-DB7B-49E0-827D-946C80175322}.Debug|x64.Build.0 = Debug|Any CPU
		{7A0F5EA5-DB7B-49E0-827D-946C80175322}.Debug|x86.ActiveCfg = Debug|Any CPU
		{7A0F5EA5-DB7B-49E0-827D-946C80175322}.Debug|x86.Build.0 = Debug|Any CPU
		{7A0F5EA5-DB7B-49E0-827D-946C80175322}.Release|Any CPU.ActiveCfg = Release|Any CPU
		{7A0F5EA5-DB7B-49E0-827D-946C80175322}.Release|Any CPU.Build.0 = Release|Any CPU
		{7A0F5EA5-DB7B-49E0-827D-946C80175322}.Release|x64.ActiveCfg = Release|Any CPU
		{7A0F5EA5-DB7B-49E0-827D-946C80175322}.Release|x64.Build.0 = Release|Any CPU
		{7A0F5EA5-DB7B-49E0-827D-946C80175322}.Release|x86.ActiveCfg = Release|Any CPU
		{7A0F5EA5-DB7B-49E0-827D-946C80175322}.Release|x86.Build.0 = Release|Any CPU
		{1A1B48ED-DDE7-4017-A86B-5F7D2FB3A3D0}.Debug|Any CPU.ActiveCfg = Debug|Any CPU
		{1A1B48ED-DDE7-4017-A86B-5F7D2FB3A3D0}.Debug|x64.ActiveCfg = Debug|Any CPU
		{1A1B48ED-DDE7-4017-A86B-5F7D2FB3A3D0}.Debug|x86.ActiveCfg = Debug|Any CPU
		{1A1B48ED-DDE7-4017-A86B-5F7D2FB3A3D0}.Release|Any CPU.ActiveCfg = Release|Any CPU
		{1A1B48ED-DDE7-4017-A86B-5F7D2FB3A3D0}.Release|x64.ActiveCfg = Release|Any CPU
		{1A1B48ED-DDE7-4017-A86B-5F7D2FB3A3D0}.Release|x86.ActiveCfg = Release|Any CPU
		{E390E06A-27EE-49B3-9113-37812B92060A}.Debug|Any CPU.ActiveCfg = Debug|Any CPU
		{E390E06A-27EE-49B3-9113-37812B92060A}.Debug|Any CPU.Build.0 = Debug|Any CPU
		{E390E06A-27EE-49B3-9113-37812B92060A}.Debug|x64.ActiveCfg = Debug|Any CPU
		{E390E06A-27EE-49B3-9113-37812B92060A}.Debug|x64.Build.0 = Debug|Any CPU
		{E390E06A-27EE-49B3-9113-37812B92060A}.Debug|x86.ActiveCfg = Debug|Any CPU
		{E390E06A-27EE-49B3-9113-37812B92060A}.Debug|x86.Build.0 = Debug|Any CPU
		{E390E06A-27EE-49B3-9113-37812B92060A}.Release|Any CPU.ActiveCfg = Release|Any CPU
		{E390E06A-27EE-49B3-9113-37812B92060A}.Release|Any CPU.Build.0 = Release|Any CPU
		{E390E06A-27EE-49B3-9113-37812B92060A}.Release|x64.ActiveCfg = Release|Any CPU
		{E390E06A-27EE-49B3-9113-37812B92060A}.Release|x64.Build.0 = Release|Any CPU
		{E390E06A-27EE-49B3-9113-37812B92060A}.Release|x86.ActiveCfg = Release|Any CPU
		{E390E06A-27EE-49B3-9113-37812B92060A}.Release|x86.Build.0 = Release|Any CPU
		{B7C9B52C-94C5-4729-9C5E-F49B3A112130}.Debug|Any CPU.ActiveCfg = Debug|Any CPU
		{B7C9B52C-94C5-4729-9C5E-F49B3A112130}.Debug|Any CPU.Build.0 = Debug|Any CPU
		{B7C9B52C-94C5-4729-9C5E-F49B3A112130}.Debug|x64.ActiveCfg = Debug|Any CPU
		{B7C9B52C-94C5-4729-9C5E-F49B3A112130}.Debug|x64.Build.0 = Debug|Any CPU
		{B7C9B52C-94C5-4729-9C5E-F49B3A112130}.Debug|x86.ActiveCfg = Debug|Any CPU
		{B7C9B52C-94C5-4729-9C5E-F49B3A112130}.Debug|x86.Build.0 = Debug|Any CPU
		{B7C9B52C-94C5-4729-9C5E-F49B3A112130}.Release|Any CPU.ActiveCfg = Release|Any CPU
		{B7C9B52C-94C5-4729-9C5E-F49B3A112130}.Release|Any CPU.Build.0 = Release|Any CPU
		{B7C9B52C-94C5-4729-9C5E-F49B3A112130}.Release|x64.ActiveCfg = Release|Any CPU
		{B7C9B52C-94C5-4729-9C5E-F49B3A112130}.Release|x64.Build.0 = Release|Any CPU
		{B7C9B52C-94C5-4729-9C5E-F49B3A112130}.Release|x86.ActiveCfg = Release|Any CPU
		{B7C9B52C-94C5-4729-9C5E-F49B3A112130}.Release|x86.Build.0 = Release|Any CPU
		{EA85D7C6-8691-47B9-92D1-DCDA98E16D02}.Debug|Any CPU.ActiveCfg = Debug|Any CPU
		{EA85D7C6-8691-47B9-92D1-DCDA98E16D02}.Debug|Any CPU.Build.0 = Debug|Any CPU
		{EA85D7C6-8691-47B9-92D1-DCDA98E16D02}.Debug|x64.ActiveCfg = Debug|Any CPU
		{EA85D7C6-8691-47B9-92D1-DCDA98E16D02}.Debug|x64.Build.0 = Debug|Any CPU
		{EA85D7C6-8691-47B9-92D1-DCDA98E16D02}.Debug|x86.ActiveCfg = Debug|Any CPU
		{EA85D7C6-8691-47B9-92D1-DCDA98E16D02}.Debug|x86.Build.0 = Debug|Any CPU
		{EA85D7C6-8691-47B9-92D1-DCDA98E16D02}.Release|Any CPU.ActiveCfg = Release|Any CPU
		{EA85D7C6-8691-47B9-92D1-DCDA98E16D02}.Release|Any CPU.Build.0 = Release|Any CPU
		{EA85D7C6-8691-47B9-92D1-DCDA98E16D02}.Release|x64.ActiveCfg = Release|Any CPU
		{EA85D7C6-8691-47B9-92D1-DCDA98E16D02}.Release|x64.Build.0 = Release|Any CPU
		{EA85D7C6-8691-47B9-92D1-DCDA98E16D02}.Release|x86.ActiveCfg = Release|Any CPU
		{EA85D7C6-8691-47B9-92D1-DCDA98E16D02}.Release|x86.Build.0 = Release|Any CPU
		{0011A3F4-BBFC-40CE-B8A3-A23FDAC60DE7}.Debug|Any CPU.ActiveCfg = Debug|Any CPU
		{0011A3F4-BBFC-40CE-B8A3-A23FDAC60DE7}.Debug|x64.ActiveCfg = Debug|Any CPU
		{0011A3F4-BBFC-40CE-B8A3-A23FDAC60DE7}.Debug|x86.ActiveCfg = Debug|Any CPU
		{0011A3F4-BBFC-40CE-B8A3-A23FDAC60DE7}.Release|Any CPU.ActiveCfg = Release|Any CPU
		{0011A3F4-BBFC-40CE-B8A3-A23FDAC60DE7}.Release|x64.ActiveCfg = Release|Any CPU
		{0011A3F4-BBFC-40CE-B8A3-A23FDAC60DE7}.Release|x86.ActiveCfg = Release|Any CPU
		{99AC1B59-04D1-4B19-957B-D7DE4D19A7CD}.Debug|Any CPU.ActiveCfg = Debug|Any CPU
		{99AC1B59-04D1-4B19-957B-D7DE4D19A7CD}.Debug|x64.ActiveCfg = Debug|Any CPU
		{99AC1B59-04D1-4B19-957B-D7DE4D19A7CD}.Debug|x86.ActiveCfg = Debug|Any CPU
		{99AC1B59-04D1-4B19-957B-D7DE4D19A7CD}.Release|Any CPU.ActiveCfg = Release|Any CPU
		{99AC1B59-04D1-4B19-957B-D7DE4D19A7CD}.Release|x64.ActiveCfg = Release|Any CPU
		{99AC1B59-04D1-4B19-957B-D7DE4D19A7CD}.Release|x86.ActiveCfg = Release|Any CPU
		{C26CDBC7-5CC3-4F55-8910-095D77DF7FD4}.Debug|Any CPU.ActiveCfg = Debug|Any CPU
		{C26CDBC7-5CC3-4F55-8910-095D77DF7FD4}.Debug|Any CPU.Build.0 = Debug|Any CPU
		{C26CDBC7-5CC3-4F55-8910-095D77DF7FD4}.Debug|x64.ActiveCfg = Debug|Any CPU
		{C26CDBC7-5CC3-4F55-8910-095D77DF7FD4}.Debug|x64.Build.0 = Debug|Any CPU
		{C26CDBC7-5CC3-4F55-8910-095D77DF7FD4}.Debug|x86.ActiveCfg = Debug|Any CPU
		{C26CDBC7-5CC3-4F55-8910-095D77DF7FD4}.Debug|x86.Build.0 = Debug|Any CPU
		{C26CDBC7-5CC3-4F55-8910-095D77DF7FD4}.Release|Any CPU.ActiveCfg = Release|Any CPU
		{C26CDBC7-5CC3-4F55-8910-095D77DF7FD4}.Release|Any CPU.Build.0 = Release|Any CPU
		{C26CDBC7-5CC3-4F55-8910-095D77DF7FD4}.Release|x64.ActiveCfg = Release|Any CPU
		{C26CDBC7-5CC3-4F55-8910-095D77DF7FD4}.Release|x64.Build.0 = Release|Any CPU
		{C26CDBC7-5CC3-4F55-8910-095D77DF7FD4}.Release|x86.ActiveCfg = Release|Any CPU
		{C26CDBC7-5CC3-4F55-8910-095D77DF7FD4}.Release|x86.Build.0 = Release|Any CPU
		{55000E98-4A4E-4AD5-BC11-A4F1F38726DC}.Debug|Any CPU.ActiveCfg = Debug|Any CPU
		{55000E98-4A4E-4AD5-BC11-A4F1F38726DC}.Debug|Any CPU.Build.0 = Debug|Any CPU
		{55000E98-4A4E-4AD5-BC11-A4F1F38726DC}.Debug|x64.ActiveCfg = Debug|Any CPU
		{55000E98-4A4E-4AD5-BC11-A4F1F38726DC}.Debug|x64.Build.0 = Debug|Any CPU
		{55000E98-4A4E-4AD5-BC11-A4F1F38726DC}.Debug|x86.ActiveCfg = Debug|Any CPU
		{55000E98-4A4E-4AD5-BC11-A4F1F38726DC}.Debug|x86.Build.0 = Debug|Any CPU
		{55000E98-4A4E-4AD5-BC11-A4F1F38726DC}.Release|Any CPU.ActiveCfg = Release|Any CPU
		{55000E98-4A4E-4AD5-BC11-A4F1F38726DC}.Release|Any CPU.Build.0 = Release|Any CPU
		{55000E98-4A4E-4AD5-BC11-A4F1F38726DC}.Release|x64.ActiveCfg = Release|Any CPU
		{55000E98-4A4E-4AD5-BC11-A4F1F38726DC}.Release|x64.Build.0 = Release|Any CPU
		{55000E98-4A4E-4AD5-BC11-A4F1F38726DC}.Release|x86.ActiveCfg = Release|Any CPU
		{55000E98-4A4E-4AD5-BC11-A4F1F38726DC}.Release|x86.Build.0 = Release|Any CPU
		{69A5F485-3DC8-48AF-9732-503E4926C92B}.Debug|Any CPU.ActiveCfg = Debug|Any CPU
		{69A5F485-3DC8-48AF-9732-503E4926C92B}.Debug|Any CPU.Build.0 = Debug|Any CPU
		{69A5F485-3DC8-48AF-9732-503E4926C92B}.Debug|x64.ActiveCfg = Debug|Any CPU
		{69A5F485-3DC8-48AF-9732-503E4926C92B}.Debug|x64.Build.0 = Debug|Any CPU
		{69A5F485-3DC8-48AF-9732-503E4926C92B}.Debug|x86.ActiveCfg = Debug|Any CPU
		{69A5F485-3DC8-48AF-9732-503E4926C92B}.Debug|x86.Build.0 = Debug|Any CPU
		{69A5F485-3DC8-48AF-9732-503E4926C92B}.Release|Any CPU.ActiveCfg = Release|Any CPU
		{69A5F485-3DC8-48AF-9732-503E4926C92B}.Release|Any CPU.Build.0 = Release|Any CPU
		{69A5F485-3DC8-48AF-9732-503E4926C92B}.Release|x64.ActiveCfg = Release|Any CPU
		{69A5F485-3DC8-48AF-9732-503E4926C92B}.Release|x64.Build.0 = Release|Any CPU
		{69A5F485-3DC8-48AF-9732-503E4926C92B}.Release|x86.ActiveCfg = Release|Any CPU
		{69A5F485-3DC8-48AF-9732-503E4926C92B}.Release|x86.Build.0 = Release|Any CPU
		{C36E45AD-0322-445D-8661-D7760E9B0BDD}.Debug|Any CPU.ActiveCfg = Debug|Any CPU
		{C36E45AD-0322-445D-8661-D7760E9B0BDD}.Debug|Any CPU.Build.0 = Debug|Any CPU
		{C36E45AD-0322-445D-8661-D7760E9B0BDD}.Debug|x64.ActiveCfg = Debug|Any CPU
		{C36E45AD-0322-445D-8661-D7760E9B0BDD}.Debug|x64.Build.0 = Debug|Any CPU
		{C36E45AD-0322-445D-8661-D7760E9B0BDD}.Debug|x86.ActiveCfg = Debug|Any CPU
		{C36E45AD-0322-445D-8661-D7760E9B0BDD}.Debug|x86.Build.0 = Debug|Any CPU
		{C36E45AD-0322-445D-8661-D7760E9B0BDD}.Release|Any CPU.ActiveCfg = Release|Any CPU
		{C36E45AD-0322-445D-8661-D7760E9B0BDD}.Release|Any CPU.Build.0 = Release|Any CPU
		{C36E45AD-0322-445D-8661-D7760E9B0BDD}.Release|x64.ActiveCfg = Release|Any CPU
		{C36E45AD-0322-445D-8661-D7760E9B0BDD}.Release|x64.Build.0 = Release|Any CPU
		{C36E45AD-0322-445D-8661-D7760E9B0BDD}.Release|x86.ActiveCfg = Release|Any CPU
		{C36E45AD-0322-445D-8661-D7760E9B0BDD}.Release|x86.Build.0 = Release|Any CPU
		{9F8D5098-AC2F-4F84-BAA8-000F38B732D3}.Debug|Any CPU.ActiveCfg = Debug|Any CPU
		{9F8D5098-AC2F-4F84-BAA8-000F38B732D3}.Debug|Any CPU.Build.0 = Debug|Any CPU
		{9F8D5098-AC2F-4F84-BAA8-000F38B732D3}.Debug|x64.ActiveCfg = Debug|Any CPU
		{9F8D5098-AC2F-4F84-BAA8-000F38B732D3}.Debug|x64.Build.0 = Debug|Any CPU
		{9F8D5098-AC2F-4F84-BAA8-000F38B732D3}.Debug|x86.ActiveCfg = Debug|Any CPU
		{9F8D5098-AC2F-4F84-BAA8-000F38B732D3}.Debug|x86.Build.0 = Debug|Any CPU
		{9F8D5098-AC2F-4F84-BAA8-000F38B732D3}.Release|Any CPU.ActiveCfg = Release|Any CPU
		{9F8D5098-AC2F-4F84-BAA8-000F38B732D3}.Release|Any CPU.Build.0 = Release|Any CPU
		{9F8D5098-AC2F-4F84-BAA8-000F38B732D3}.Release|x64.ActiveCfg = Release|Any CPU
		{9F8D5098-AC2F-4F84-BAA8-000F38B732D3}.Release|x64.Build.0 = Release|Any CPU
		{9F8D5098-AC2F-4F84-BAA8-000F38B732D3}.Release|x86.ActiveCfg = Release|Any CPU
		{9F8D5098-AC2F-4F84-BAA8-000F38B732D3}.Release|x86.Build.0 = Release|Any CPU
		{76BAAC07-DDD4-4EDB-92AF-B7E71FC3BADC}.Debug|Any CPU.ActiveCfg = Debug|Any CPU
		{76BAAC07-DDD4-4EDB-92AF-B7E71FC3BADC}.Debug|x64.ActiveCfg = Debug|Any CPU
		{76BAAC07-DDD4-4EDB-92AF-B7E71FC3BADC}.Debug|x86.ActiveCfg = Debug|Any CPU
		{76BAAC07-DDD4-4EDB-92AF-B7E71FC3BADC}.Release|Any CPU.ActiveCfg = Release|Any CPU
		{76BAAC07-DDD4-4EDB-92AF-B7E71FC3BADC}.Release|x64.ActiveCfg = Release|Any CPU
		{76BAAC07-DDD4-4EDB-92AF-B7E71FC3BADC}.Release|x86.ActiveCfg = Release|Any CPU
		{2B0C8B55-5985-45FD-86D2-4AF98D619CB3}.Debug|Any CPU.ActiveCfg = Debug|Any CPU
		{2B0C8B55-5985-45FD-86D2-4AF98D619CB3}.Debug|x64.ActiveCfg = Debug|Any CPU
		{2B0C8B55-5985-45FD-86D2-4AF98D619CB3}.Debug|x86.ActiveCfg = Debug|Any CPU
		{2B0C8B55-5985-45FD-86D2-4AF98D619CB3}.Release|Any CPU.ActiveCfg = Release|Any CPU
		{2B0C8B55-5985-45FD-86D2-4AF98D619CB3}.Release|x64.ActiveCfg = Release|Any CPU
		{2B0C8B55-5985-45FD-86D2-4AF98D619CB3}.Release|x86.ActiveCfg = Release|Any CPU
		{353AC6E3-0A79-4505-81C1-680B4634B0EB}.Debug|Any CPU.ActiveCfg = Debug|Any CPU
		{353AC6E3-0A79-4505-81C1-680B4634B0EB}.Debug|Any CPU.Build.0 = Debug|Any CPU
		{353AC6E3-0A79-4505-81C1-680B4634B0EB}.Debug|x64.ActiveCfg = Debug|Any CPU
		{353AC6E3-0A79-4505-81C1-680B4634B0EB}.Debug|x64.Build.0 = Debug|Any CPU
		{353AC6E3-0A79-4505-81C1-680B4634B0EB}.Debug|x86.ActiveCfg = Debug|Any CPU
		{353AC6E3-0A79-4505-81C1-680B4634B0EB}.Debug|x86.Build.0 = Debug|Any CPU
		{353AC6E3-0A79-4505-81C1-680B4634B0EB}.Release|Any CPU.ActiveCfg = Release|Any CPU
		{353AC6E3-0A79-4505-81C1-680B4634B0EB}.Release|Any CPU.Build.0 = Release|Any CPU
		{353AC6E3-0A79-4505-81C1-680B4634B0EB}.Release|x64.ActiveCfg = Release|Any CPU
		{353AC6E3-0A79-4505-81C1-680B4634B0EB}.Release|x64.Build.0 = Release|Any CPU
		{353AC6E3-0A79-4505-81C1-680B4634B0EB}.Release|x86.ActiveCfg = Release|Any CPU
		{353AC6E3-0A79-4505-81C1-680B4634B0EB}.Release|x86.Build.0 = Release|Any CPU
		{0B636065-CA9D-4C07-90BF-6E5B63CB423C}.Debug|Any CPU.ActiveCfg = Debug|Any CPU
		{0B636065-CA9D-4C07-90BF-6E5B63CB423C}.Debug|x64.ActiveCfg = Debug|Any CPU
		{0B636065-CA9D-4C07-90BF-6E5B63CB423C}.Debug|x86.ActiveCfg = Debug|Any CPU
		{0B636065-CA9D-4C07-90BF-6E5B63CB423C}.Release|Any CPU.ActiveCfg = Release|Any CPU
		{0B636065-CA9D-4C07-90BF-6E5B63CB423C}.Release|x64.ActiveCfg = Release|Any CPU
		{0B636065-CA9D-4C07-90BF-6E5B63CB423C}.Release|x86.ActiveCfg = Release|Any CPU
		{5B6D1D24-C61B-48F5-8CC4-CB82200B3A04}.Debug|Any CPU.ActiveCfg = Debug|Any CPU
		{5B6D1D24-C61B-48F5-8CC4-CB82200B3A04}.Debug|Any CPU.Build.0 = Debug|Any CPU
		{5B6D1D24-C61B-48F5-8CC4-CB82200B3A04}.Debug|x64.ActiveCfg = Debug|Any CPU
		{5B6D1D24-C61B-48F5-8CC4-CB82200B3A04}.Debug|x64.Build.0 = Debug|Any CPU
		{5B6D1D24-C61B-48F5-8CC4-CB82200B3A04}.Debug|x86.ActiveCfg = Debug|Any CPU
		{5B6D1D24-C61B-48F5-8CC4-CB82200B3A04}.Debug|x86.Build.0 = Debug|Any CPU
		{5B6D1D24-C61B-48F5-8CC4-CB82200B3A04}.Release|Any CPU.ActiveCfg = Release|Any CPU
		{5B6D1D24-C61B-48F5-8CC4-CB82200B3A04}.Release|Any CPU.Build.0 = Release|Any CPU
		{5B6D1D24-C61B-48F5-8CC4-CB82200B3A04}.Release|x64.ActiveCfg = Release|Any CPU
		{5B6D1D24-C61B-48F5-8CC4-CB82200B3A04}.Release|x64.Build.0 = Release|Any CPU
		{5B6D1D24-C61B-48F5-8CC4-CB82200B3A04}.Release|x86.ActiveCfg = Release|Any CPU
		{5B6D1D24-C61B-48F5-8CC4-CB82200B3A04}.Release|x86.Build.0 = Release|Any CPU
		{5CC64417-25CC-47C0-87FB-C5B5C05EFD4E}.Debug|Any CPU.ActiveCfg = Debug|Any CPU
		{5CC64417-25CC-47C0-87FB-C5B5C05EFD4E}.Debug|Any CPU.Build.0 = Debug|Any CPU
		{5CC64417-25CC-47C0-87FB-C5B5C05EFD4E}.Debug|x64.ActiveCfg = Debug|Any CPU
		{5CC64417-25CC-47C0-87FB-C5B5C05EFD4E}.Debug|x64.Build.0 = Debug|Any CPU
		{5CC64417-25CC-47C0-87FB-C5B5C05EFD4E}.Debug|x86.ActiveCfg = Debug|Any CPU
		{5CC64417-25CC-47C0-87FB-C5B5C05EFD4E}.Debug|x86.Build.0 = Debug|Any CPU
		{5CC64417-25CC-47C0-87FB-C5B5C05EFD4E}.Release|Any CPU.ActiveCfg = Release|Any CPU
		{5CC64417-25CC-47C0-87FB-C5B5C05EFD4E}.Release|Any CPU.Build.0 = Release|Any CPU
		{5CC64417-25CC-47C0-87FB-C5B5C05EFD4E}.Release|x64.ActiveCfg = Release|Any CPU
		{5CC64417-25CC-47C0-87FB-C5B5C05EFD4E}.Release|x64.Build.0 = Release|Any CPU
		{5CC64417-25CC-47C0-87FB-C5B5C05EFD4E}.Release|x86.ActiveCfg = Release|Any CPU
		{5CC64417-25CC-47C0-87FB-C5B5C05EFD4E}.Release|x86.Build.0 = Release|Any CPU
	EndGlobalSection
	GlobalSection(SolutionProperties) = preSolution
		HideSolutionNode = FALSE
	EndGlobalSection
	GlobalSection(NestedProjects) = preSolution
		{443BC4C1-CF11-45E3-B772-72F886826C69} = {FF6F43E8-36EA-4BF0-9B2E-8ACC91C5F939}
		{F03831B0-630E-4B0E-BD25-AFE975B35E69} = {FF6F43E8-36EA-4BF0-9B2E-8ACC91C5F939}
		{328EFEB4-1D15-453E-9929-6FD0FACF3512} = {FF6F43E8-36EA-4BF0-9B2E-8ACC91C5F939}
		{C7CFC4AC-BC5B-4F07-BE93-4F245D5547D9} = {FF6F43E8-36EA-4BF0-9B2E-8ACC91C5F939}
		{BDF8C04B-D0E3-4FF5-82C3-E8FDF3916C16} = {AC0DDDB0-385D-43B8-A770-C79EE2077D05}
		{40B2D8D1-7523-498D-9753-CECC3A44071A} = {FF6F43E8-36EA-4BF0-9B2E-8ACC91C5F939}
		{7A0F5EA5-DB7B-49E0-827D-946C80175322} = {FF6F43E8-36EA-4BF0-9B2E-8ACC91C5F939}
		{1A1B48ED-DDE7-4017-A86B-5F7D2FB3A3D0} = {FF6F43E8-36EA-4BF0-9B2E-8ACC91C5F939}
		{E390E06A-27EE-49B3-9113-37812B92060A} = {FF6F43E8-36EA-4BF0-9B2E-8ACC91C5F939}
		{B7C9B52C-94C5-4729-9C5E-F49B3A112130} = {FF6F43E8-36EA-4BF0-9B2E-8ACC91C5F939}
		{EA85D7C6-8691-47B9-92D1-DCDA98E16D02} = {78D56637-F921-437D-A9AC-FBEAD78344BE}
		{0011A3F4-BBFC-40CE-B8A3-A23FDAC60DE7} = {FF6F43E8-36EA-4BF0-9B2E-8ACC91C5F939}
		{99AC1B59-04D1-4B19-957B-D7DE4D19A7CD} = {FF6F43E8-36EA-4BF0-9B2E-8ACC91C5F939}
		{C26CDBC7-5CC3-4F55-8910-095D77DF7FD4} = {78D56637-F921-437D-A9AC-FBEAD78344BE}
		{55000E98-4A4E-4AD5-BC11-A4F1F38726DC} = {78D56637-F921-437D-A9AC-FBEAD78344BE}
		{69A5F485-3DC8-48AF-9732-503E4926C92B} = {78D56637-F921-437D-A9AC-FBEAD78344BE}
		{C36E45AD-0322-445D-8661-D7760E9B0BDD} = {FF6F43E8-36EA-4BF0-9B2E-8ACC91C5F939}
		{9F8D5098-AC2F-4F84-BAA8-000F38B732D3} = {FF6F43E8-36EA-4BF0-9B2E-8ACC91C5F939}
		{76BAAC07-DDD4-4EDB-92AF-B7E71FC3BADC} = {FF6F43E8-36EA-4BF0-9B2E-8ACC91C5F939}
		{2B0C8B55-5985-45FD-86D2-4AF98D619CB3} = {FF6F43E8-36EA-4BF0-9B2E-8ACC91C5F939}
		{353AC6E3-0A79-4505-81C1-680B4634B0EB} = {FF6F43E8-36EA-4BF0-9B2E-8ACC91C5F939}
		{0B636065-CA9D-4C07-90BF-6E5B63CB423C} = {FF6F43E8-36EA-4BF0-9B2E-8ACC91C5F939}
		{5B6D1D24-C61B-48F5-8CC4-CB82200B3A04} = {FF6F43E8-36EA-4BF0-9B2E-8ACC91C5F939}
		{5CC64417-25CC-47C0-87FB-C5B5C05EFD4E} = {FF6F43E8-36EA-4BF0-9B2E-8ACC91C5F939}
	EndGlobalSection
EndGlobal
